
Microsoft Visual Studio Solution File, Format Version 12.00
# Visual Studio 2013
VisualStudioVersion = 12.0.31101.0
MinimumVisualStudioVersion = 10.0.40219.1
Project("{FAE04EC0-301F-11D3-BF4B-00C04F79EFBC}") = "InceptionCache.Core", "Code\InceptionCache.Core\InceptionCache.Core.csproj", "{B6812764-324F-4540-B8F0-F512CBFD50BB}"
EndProject
Project("{FAE04EC0-301F-11D3-BF4B-00C04F79EFBC}") = "InceptionCache.Providers.InMemoryCacheProvider", "Code\InceptionCache.Providers.InMemoryCacheProvider\InceptionCache.Providers.InMemoryCacheProvider.csproj", "{DEBCE1CD-9A7A-459C-9AF8-005468B5D4D2}"
EndProject
Project("{FAE04EC0-301F-11D3-BF4B-00C04F79EFBC}") = "InceptionCache.Providers.RedisCacheProvider", "Code\InceptionCache.Providers.RedisCacheProvider\InceptionCache.Providers.RedisCacheProvider.csproj", "{C1A7B24E-E0F6-4B0C-A7A9-F082A85A5279}"
EndProject
Project("{FAE04EC0-301F-11D3-BF4B-00C04F79EFBC}") = "InceptionCache.Tests", "Code\InceptionCache.Tests\InceptionCache.Tests.csproj", "{85262915-F58B-452F-BDB6-C24B5630B45A}"
EndProject
Project("{2150E333-8FDC-42A3-9474-1A3956D46DE8}") = "Samples", "Samples", "{86F6059A-D0F8-4C7E-AF3D-D25D80EF54AC}"
EndProject
Project("{2150E333-8FDC-42A3-9474-1A3956D46DE8}") = "Tests", "Tests", "{0E857EA7-BDEE-45CD-A3C4-49F8A41E04EA}"
EndProject
Project("{FAE04EC0-301F-11D3-BF4B-00C04F79EFBC}") = "InceptionCache.Samples.Nancy", "Samples\Nancy\InceptionCache.Samples.Nancy\InceptionCache.Samples.Nancy.csproj", "{9EA673E1-134D-40AD-A843-5F86F499A11A}"
EndProject
Global
	GlobalSection(SolutionConfigurationPlatforms) = preSolution
		Debug|Any CPU = Debug|Any CPU
		Release|Any CPU = Release|Any CPU
	EndGlobalSection
	GlobalSection(ProjectConfigurationPlatforms) = postSolution
		{B6812764-324F-4540-B8F0-F512CBFD50BB}.Debug|Any CPU.ActiveCfg = Debug|Any CPU
		{B6812764-324F-4540-B8F0-F512CBFD50BB}.Debug|Any CPU.Build.0 = Debug|Any CPU
		{B6812764-324F-4540-B8F0-F512CBFD50BB}.Release|Any CPU.ActiveCfg = Release|Any CPU
		{B6812764-324F-4540-B8F0-F512CBFD50BB}.Release|Any CPU.Build.0 = Release|Any CPU
		{DEBCE1CD-9A7A-459C-9AF8-005468B5D4D2}.Debug|Any CPU.ActiveCfg = Debug|Any CPU
		{DEBCE1CD-9A7A-459C-9AF8-005468B5D4D2}.Debug|Any CPU.Build.0 = Debug|Any CPU
		{DEBCE1CD-9A7A-459C-9AF8-005468B5D4D2}.Release|Any CPU.ActiveCfg = Release|Any CPU
		{DEBCE1CD-9A7A-459C-9AF8-005468B5D4D2}.Release|Any CPU.Build.0 = Release|Any CPU
		{C1A7B24E-E0F6-4B0C-A7A9-F082A85A5279}.Debug|Any CPU.ActiveCfg = Debug|Any CPU
		{C1A7B24E-E0F6-4B0C-A7A9-F082A85A5279}.Debug|Any CPU.Build.0 = Debug|Any CPU
		{C1A7B24E-E0F6-4B0C-A7A9-F082A85A5279}.Release|Any CPU.ActiveCfg = Release|Any CPU
		{C1A7B24E-E0F6-4B0C-A7A9-F082A85A5279}.Release|Any CPU.Build.0 = Release|Any CPU
		{85262915-F58B-452F-BDB6-C24B5630B45A}.Debug|Any CPU.ActiveCfg = Debug|Any CPU
		{85262915-F58B-452F-BDB6-C24B5630B45A}.Debug|Any CPU.Build.0 = Debug|Any CPU
		{85262915-F58B-452F-BDB6-C24B5630B45A}.Release|Any CPU.ActiveCfg = Release|Any CPU
		{85262915-F58B-452F-BDB6-C24B5630B45A}.Release|Any CPU.Build.0 = Release|Any CPU
		{9EA673E1-134D-40AD-A843-5F86F499A11A}.Debug|Any CPU.ActiveCfg = Debug|Any CPU
		{9EA673E1-134D-40AD-A843-5F86F499A11A}.Debug|Any CPU.Build.0 = Debug|Any CPU
		{9EA673E1-134D-40AD-A843-5F86F499A11A}.Release|Any CPU.ActiveCfg = Release|Any CPU
		{9EA673E1-134D-40AD-A843-5F86F499A11A}.Release|Any CPU.Build.0 = Release|Any CPU
	EndGlobalSection
	GlobalSection(SolutionProperties) = preSolution
		HideSolutionNode = FALSE
	EndGlobalSection
	GlobalSection(NestedProjects) = preSolution
		{85262915-F58B-452F-BDB6-C24B5630B45A} = {0E857EA7-BDEE-45CD-A3C4-49F8A41E04EA}
		{9EA673E1-134D-40AD-A843-5F86F499A11A} = {86F6059A-D0F8-4C7E-AF3D-D25D80EF54AC}
	EndGlobalSection
EndGlobal
